// !$*UTF8*$!
{
	archiveVersion = 1;
	classes = {
	};
	objectVersion = 77;
	objects = {

/* Begin PBXBuildFile section */
		0428C00DBB5AB4E8A499EE52 /* InfoPlist.strings in Resources */ = {isa = PBXBuildFile; fileRef = 9680E68A02B4A0067E1CE041 /* InfoPlist.strings */; };
		067F27C73FD7C2C8B2B0068E /* AppDelegate.swift in Sources */ = {isa = PBXBuildFile; fileRef = 301FBBF5FFF6CB821055122F /* AppDelegate.swift */; };
		08EE66A56C5333E205527804 /* Assets.xcassets in Resources */ = {isa = PBXBuildFile; fileRef = EF84B6288C5AC833098734B0 /* Assets.xcassets */; };
		4A523AC15AB86652A6EE3440 /* Localizable.strings in Resources */ = {isa = PBXBuildFile; fileRef = EFA9E48629C064B5474F0FB0 /* Localizable.strings */; };
		50DB898C4C877A9D72E1974B /* NimboWatch.app in Embed Watch Content */ = {isa = PBXBuildFile; fileRef = 156F45D187CAA50FF28B2530 /* NimboWatch.app */; settings = {ATTRIBUTES = (RemoveHeadersOnCopy, ); }; };
		568405BE3564213D4C272699 /* SurfaceWeatherState.swift in Sources */ = {isa = PBXBuildFile; fileRef = E2C2EBDCA226418C9F349EB1 /* SurfaceWeatherState.swift */; };
		57976273DD8B94A4426367FA /* SurfaceWeatherStateTests.swift in Sources */ = {isa = PBXBuildFile; fileRef = 82BD268F282A95CF8326A04F /* SurfaceWeatherStateTests.swift */; };
		60427AAF71FD68031010D1DC /* PrivacyInfo.xcprivacy in Resources */ = {isa = PBXBuildFile; fileRef = CAA8A89B05E98D201329CC1C /* PrivacyInfo.xcprivacy */; };
		69ED9FE403C795AE2477FEA2 /* SurfaceWeatherState.swift in Sources */ = {isa = PBXBuildFile; fileRef = E2C2EBDCA226418C9F349EB1 /* SurfaceWeatherState.swift */; };
		73681A30467095C79E981AA2 /* SurfaceWeatherState.swift in Sources */ = {isa = PBXBuildFile; fileRef = E2C2EBDCA226418C9F349EB1 /* SurfaceWeatherState.swift */; };
		81AC8CC8AB0C1F1480E9AE57 /* NimboWidget.appex in Embed Foundation Extensions */ = {isa = PBXBuildFile; fileRef = 753A9D0BF72E362D648C8992 /* NimboWidget.appex */; settings = {ATTRIBUTES = (RemoveHeadersOnCopy, ); }; };
		9ABC290677F949583EA23F2C /* Assets.xcassets in Resources */ = {isa = PBXBuildFile; fileRef = EF84B6288C5AC833098734B0 /* Assets.xcassets */; };
		A79D05F41441716BC37C2313 /* InfoPlist.strings in Resources */ = {isa = PBXBuildFile; fileRef = 9680E68A02B4A0067E1CE041 /* InfoPlist.strings */; };
		BDA9BA28B337C925B3209CC4 /* NimboWidget.appex in Embed Foundation Extensions */ = {isa = PBXBuildFile; fileRef = 753A9D0BF72E362D648C8992 /* NimboWidget.appex */; settings = {ATTRIBUTES = (RemoveHeadersOnCopy, ); }; };
		C9BB3BF58B54FC5DB479006D /* NimboWidget.swift in Sources */ = {isa = PBXBuildFile; fileRef = 0A70F2A28610223D33ED8BC1 /* NimboWidget.swift */; };
		D21E6B3157AB169567DBF001 /* Localizable.strings in Resources */ = {isa = PBXBuildFile; fileRef = EFA9E48629C064B5474F0FB0 /* Localizable.strings */; };
		D47DAD3F9B3B77120390A6FB /* NimboWatchApp.swift in Sources */ = {isa = PBXBuildFile; fileRef = B09292B255824A10E056980F /* NimboWatchApp.swift */; };
		DB357857E2D4205BF6AC46F0 /* Assets.xcassets in Resources */ = {isa = PBXBuildFile; fileRef = EF84B6288C5AC833098734B0 /* Assets.xcassets */; };
		F2099737A801374701BDE615 /* AppDelegate.swift in Sources */ = {isa = PBXBuildFile; fileRef = 301FBBF5FFF6CB821055122F /* AppDelegate.swift */; };
		F42FE8CEDC5C6BBB4161AA9B /* SurfaceWeatherState.swift in Sources */ = {isa = PBXBuildFile; fileRef = E2C2EBDCA226418C9F349EB1 /* SurfaceWeatherState.swift */; };
		F752C50CFECE734CC7B98DAF /* PrivacyInfo.xcprivacy in Resources */ = {isa = PBXBuildFile; fileRef = CAA8A89B05E98D201329CC1C /* PrivacyInfo.xcprivacy */; };
		F9A6F069B57A635E5D4C3A88 /* SurfaceWeatherState.swift in Sources */ = {isa = PBXBuildFile; fileRef = E2C2EBDCA226418C9F349EB1 /* SurfaceWeatherState.swift */; };
/* End PBXBuildFile section */

/* Begin PBXContainerItemProxy section */
		3D0995BBEEDA854BC0D957DA /* PBXContainerItemProxy */ = {
			isa = PBXContainerItemProxy;
			containerPortal = 87863B6D0BD8F9DD5215C03F /* Project object */;
			proxyType = 1;
			remoteGlobalIDString = 8F92D291BF734E5B93FB2FAB;
			remoteInfo = NimboWatch;
		};
		78558CDE0ADDD57C8BAFB072 /* PBXContainerItemProxy */ = {
			isa = PBXContainerItemProxy;
			containerPortal = 87863B6D0BD8F9DD5215C03F /* Project object */;
			proxyType = 1;
			remoteGlobalIDString = F03B22F74B7FAD9BB70C6DAA;
			remoteInfo = NimboWidget;
		};
		D0F6D56A41909783A810B2B3 /* PBXContainerItemProxy */ = {
			isa = PBXContainerItemProxy;
			containerPortal = 87863B6D0BD8F9DD5215C03F /* Project object */;
			proxyType = 1;
			remoteGlobalIDString = F03B22F74B7FAD9BB70C6DAA;
			remoteInfo = NimboWidget;
		};
/* End PBXContainerItemProxy section */

/* Begin PBXCopyFilesBuildPhase section */
		419488E4957A4B059A8833BD /* Embed Watch Content */ = {
			isa = PBXCopyFilesBuildPhase;
			buildActionMask = 2147483647;
			dstPath = "$(CONTENTS_FOLDER_PATH)/Watch";
			dstSubfolderSpec = 16;
			files = (
				50DB898C4C877A9D72E1974B /* NimboWatch.app in Embed Watch Content */,
			);
			name = "Embed Watch Content";
			runOnlyForDeploymentPostprocessing = 0;
		};
		472BEAECB71FBD1FDCF2281A /* Embed Foundation Extensions */ = {
			isa = PBXCopyFilesBuildPhase;
			buildActionMask = 2147483647;
			dstPath = "";
			dstSubfolderSpec = 13;
			files = (
				BDA9BA28B337C925B3209CC4 /* NimboWidget.appex in Embed Foundation Extensions */,
			);
			name = "Embed Foundation Extensions";
			runOnlyForDeploymentPostprocessing = 0;
		};
		FF15A0461CA7C79BFC7B34E2 /* Embed Foundation Extensions */ = {
			isa = PBXCopyFilesBuildPhase;
			buildActionMask = 2147483647;
			dstPath = "";
			dstSubfolderSpec = 13;
			files = (
				81AC8CC8AB0C1F1480E9AE57 /* NimboWidget.appex in Embed Foundation Extensions */,
			);
			name = "Embed Foundation Extensions";
			runOnlyForDeploymentPostprocessing = 0;
		};
/* End PBXCopyFilesBuildPhase section */

/* Begin PBXFileReference section */
		071BD3738283BAA4DAC02011 /* zh-Hans */ = {isa = PBXFileReference; lastKnownFileType = text.plist.strings; name = "zh-Hans"; path = "zh-Hans.lproj/InfoPlist.strings"; sourceTree = "<group>"; };
		0A70F2A28610223D33ED8BC1 /* NimboWidget.swift */ = {isa = PBXFileReference; lastKnownFileType = sourcecode.swift; path = NimboWidget.swift; sourceTree = "<group>"; };
		14862442275231C626596CDF /* ar */ = {isa = PBXFileReference; lastKnownFileType = text.plist.strings; name = ar; path = ar.lproj/InfoPlist.strings; sourceTree = "<group>"; };
		156F45D187CAA50FF28B2530 /* NimboWatch.app */ = {isa = PBXFileReference; explicitFileType = wrapper.application; includeInIndex = 0; path = NimboWatch.app; sourceTree = BUILT_PRODUCTS_DIR; };
		1CA87550B61A512E6E1B15E7 /* ru */ = {isa = PBXFileReference; lastKnownFileType = text.plist.strings; name = ru; path = ru.lproj/Localizable.strings; sourceTree = "<group>"; };
		247996327FF91D3AF545B88E /* ja */ = {isa = PBXFileReference; lastKnownFileType = text.plist.strings; name = ja; path = ja.lproj/InfoPlist.strings; sourceTree = "<group>"; };
		247B9D3821B168811AB2CBBE /* Nimbo.entitlements */ = {isa = PBXFileReference; lastKnownFileType = text.plist.entitlements; path = Nimbo.entitlements; sourceTree = "<group>"; };
		2952D07834ACFE65A984004A /* Nimbo.app */ = {isa = PBXFileReference; includeInIndex = 0; lastKnownFileType = wrapper.application; path = Nimbo.app; sourceTree = BUILT_PRODUCTS_DIR; };
		2F120D7C844883CBF981497D /* de */ = {isa = PBXFileReference; lastKnownFileType = text.plist.strings; name = de; path = de.lproj/InfoPlist.strings; sourceTree = "<group>"; };
		2FE3A7FBE7E25229923B15C9 /* en */ = {isa = PBXFileReference; lastKnownFileType = text.plist.strings; name = en; path = en.lproj/Localizable.strings; sourceTree = "<group>"; };
		301FBBF5FFF6CB821055122F /* AppDelegate.swift */ = {isa = PBXFileReference; lastKnownFileType = sourcecode.swift; path = AppDelegate.swift; sourceTree = "<group>"; };
		4B7D23C09139B96E14129511 /* es */ = {isa = PBXFileReference; lastKnownFileType = text.plist.strings; name = es; path = es.lproj/InfoPlist.strings; sourceTree = "<group>"; };
		54C03A6BC9B77CCF71DE7222 /* Info.plist */ = {isa = PBXFileReference; lastKnownFileType = text.plist; path = Info.plist; sourceTree = "<group>"; };
		5603A6F7BA23FC2FB270FB6E /* ko */ = {isa = PBXFileReference; lastKnownFileType = text.plist.strings; name = ko; path = ko.lproj/Localizable.strings; sourceTree = "<group>"; };
		58BED825A8E35842845117CA /* NimboSimulator.app */ = {isa = PBXFileReference; includeInIndex = 0; lastKnownFileType = wrapper.application; path = NimboSimulator.app; sourceTree = BUILT_PRODUCTS_DIR; };
		72BEA555FC0B12DB7FB9E287 /* es */ = {isa = PBXFileReference; lastKnownFileType = text.plist.strings; name = es; path = es.lproj/Localizable.strings; sourceTree = "<group>"; };
		72F4D2EE0A5B6D99C642A8C0 /* ja */ = {isa = PBXFileReference; lastKnownFileType = text.plist.strings; name = ja; path = ja.lproj/Localizable.strings; sourceTree = "<group>"; };
		753A9D0BF72E362D648C8992 /* NimboWidget.appex */ = {isa = PBXFileReference; includeInIndex = 0; lastKnownFileType = "wrapper.app-extension"; path = NimboWidget.appex; sourceTree = BUILT_PRODUCTS_DIR; };
		77B8714E4315D089998334CE /* ar */ = {isa = PBXFileReference; lastKnownFileType = text.plist.strings; name = ar; path = ar.lproj/Localizable.strings; sourceTree = "<group>"; };
		82BD268F282A95CF8326A04F /* SurfaceWeatherStateTests.swift */ = {isa = PBXFileReference; lastKnownFileType = sourcecode.swift; path = SurfaceWeatherStateTests.swift; sourceTree = "<group>"; };
		8749DD9CFA84EE721326A76F /* ru */ = {isa = PBXFileReference; lastKnownFileType = text.plist.strings; name = ru; path = ru.lproj/InfoPlist.strings; sourceTree = "<group>"; };
		9071D41D0953CE763054EB1F /* ko */ = {isa = PBXFileReference; lastKnownFileType = text.plist.strings; name = ko; path = ko.lproj/InfoPlist.strings; sourceTree = "<group>"; };
		99D06D4794F10C64EFB51B8A /* hi */ = {isa = PBXFileReference; lastKnownFileType = text.plist.strings; name = hi; path = hi.lproj/Localizable.strings; sourceTree = "<group>"; };
		9CF1F380ED01FC917D52E334 /* pt */ = {isa = PBXFileReference; lastKnownFileType = text.plist.strings; name = pt; path = pt.lproj/InfoPlist.strings; sourceTree = "<group>"; };
		9DBE8878A102D17BAEB1CFA2 /* de */ = {isa = PBXFileReference; lastKnownFileType = text.plist.strings; name = de; path = de.lproj/Localizable.strings; sourceTree = "<group>"; };
		B09292B255824A10E056980F /* NimboWatchApp.swift */ = {isa = PBXFileReference; lastKnownFileType = sourcecode.swift; path = NimboWatchApp.swift; sourceTree = "<group>"; };
		BBB875F48137075D8F637C06 /* fr */ = {isa = PBXFileReference; lastKnownFileType = text.plist.strings; name = fr; path = fr.lproj/Localizable.strings; sourceTree = "<group>"; };
		BCCF0F4ED0FE0AE5AF49DBEB /* NimboWidget.entitlements */ = {isa = PBXFileReference; lastKnownFileType = text.plist.entitlements; path = NimboWidget.entitlements; sourceTree = "<group>"; };
		C25536D5CE549243048A93C8 /* zh-Hans */ = {isa = PBXFileReference; lastKnownFileType = text.plist.strings; name = "zh-Hans"; path = "zh-Hans.lproj/Localizable.strings"; sourceTree = "<group>"; };
		CAA8A89B05E98D201329CC1C /* PrivacyInfo.xcprivacy */ = {isa = PBXFileReference; path = PrivacyInfo.xcprivacy; sourceTree = "<group>"; };
		CE758D4AA5F2730C864356D5 /* fr */ = {isa = PBXFileReference; lastKnownFileType = text.plist.strings; name = fr; path = fr.lproj/InfoPlist.strings; sourceTree = "<group>"; };
		D11383B653C4E103BD858F06 /* tr */ = {isa = PBXFileReference; lastKnownFileType = text.plist.strings; name = tr; path = tr.lproj/InfoPlist.strings; sourceTree = "<group>"; };
		DEB0FA8265F06BB9430A5817 /* tr */ = {isa = PBXFileReference; lastKnownFileType = text.plist.strings; name = tr; path = tr.lproj/Localizable.strings; sourceTree = "<group>"; };
		E07E23EFCD1EBCE864F4B90E /* pt */ = {isa = PBXFileReference; lastKnownFileType = text.plist.strings; name = pt; path = pt.lproj/Localizable.strings; sourceTree = "<group>"; };
		E2C2EBDCA226418C9F349EB1 /* SurfaceWeatherState.swift */ = {isa = PBXFileReference; lastKnownFileType = sourcecode.swift; path = SurfaceWeatherState.swift; sourceTree = "<group>"; };
		E310D56EF5363C230FB35101 /* en */ = {isa = PBXFileReference; lastKnownFileType = text.plist.strings; name = en; path = en.lproj/InfoPlist.strings; sourceTree = "<group>"; };
		ECB3DA47782A208E27A93C3D /* uz */ = {isa = PBXFileReference; lastKnownFileType = text.plist.strings; name = uz; path = uz.lproj/InfoPlist.strings; sourceTree = "<group>"; };
		ED111A7E468547AF5EF244BE /* NimboSurfaceTests.xctest */ = {isa = PBXFileReference; includeInIndex = 0; lastKnownFileType = wrapper.cfbundle; path = NimboSurfaceTests.xctest; sourceTree = BUILT_PRODUCTS_DIR; };
		ED8ABA335701FD3A3B6865CA /* hi */ = {isa = PBXFileReference; lastKnownFileType = text.plist.strings; name = hi; path = hi.lproj/InfoPlist.strings; sourceTree = "<group>"; };
		EF84B6288C5AC833098734B0 /* Assets.xcassets */ = {isa = PBXFileReference; lastKnownFileType = folder.assetcatalog; path = Assets.xcassets; sourceTree = "<group>"; };
		F387184973DD51AA1A49A953 /* uz */ = {isa = PBXFileReference; lastKnownFileType = text.plist.strings; name = uz; path = uz.lproj/Localizable.strings; sourceTree = "<group>"; };
/* End PBXFileReference section */

/* Begin PBXGroup section */
		266EC29E753CAC4A7CC4FFAF /* NimboSurfaceTests */ = {
			isa = PBXGroup;
			children = (
				82BD268F282A95CF8326A04F /* SurfaceWeatherStateTests.swift */,
			);
			path = NimboSurfaceTests;
			sourceTree = "<group>";
		};
		2EBC31CF747F0446AEA48F9A /* NimboSurfaces */ = {
			isa = PBXGroup;
			children = (
				E2C2EBDCA226418C9F349EB1 /* SurfaceWeatherState.swift */,
				EFA9E48629C064B5474F0FB0 /* Localizable.strings */,
			);
			path = NimboSurfaces;
			sourceTree = "<group>";
		};
		63D88498F944E45E19205861 /* Products */ = {
			isa = PBXGroup;
			children = (
				2952D07834ACFE65A984004A /* Nimbo.app */,
				58BED825A8E35842845117CA /* NimboSimulator.app */,
				ED111A7E468547AF5EF244BE /* NimboSurfaceTests.xctest */,
				156F45D187CAA50FF28B2530 /* NimboWatch.app */,
				753A9D0BF72E362D648C8992 /* NimboWidget.appex */,
			);
			name = Products;
			sourceTree = "<group>";
		};
		6A02141AE20F9CA2FB571995 /* NimboWidget */ = {
			isa = PBXGroup;
			children = (
				54C03A6BC9B77CCF71DE7222 /* Info.plist */,
				BCCF0F4ED0FE0AE5AF49DBEB /* NimboWidget.entitlements */,
				0A70F2A28610223D33ED8BC1 /* NimboWidget.swift */,
			);
			path = NimboWidget;
			sourceTree = "<group>";
		};
		6E9F1D2E423005960CE6F7B7 /* Nimbo */ = {
			isa = PBXGroup;
			children = (
				301FBBF5FFF6CB821055122F /* AppDelegate.swift */,
				EF84B6288C5AC833098734B0 /* Assets.xcassets */,
				247B9D3821B168811AB2CBBE /* Nimbo.entitlements */,
				CAA8A89B05E98D201329CC1C /* PrivacyInfo.xcprivacy */,
				9680E68A02B4A0067E1CE041 /* InfoPlist.strings */,
			);
			path = Nimbo;
			sourceTree = "<group>";
		};
		902D419660E0E38715734C2C = {
			isa = PBXGroup;
			children = (
				6E9F1D2E423005960CE6F7B7 /* Nimbo */,
				2EBC31CF747F0446AEA48F9A /* NimboSurfaces */,
				266EC29E753CAC4A7CC4FFAF /* NimboSurfaceTests */,
				A01B38FA4262FA5DB3B68837 /* NimboWatch */,
				6A02141AE20F9CA2FB571995 /* NimboWidget */,
				63D88498F944E45E19205861 /* Products */,
			);
			sourceTree = "<group>";
		};
		A01B38FA4262FA5DB3B68837 /* NimboWatch */ = {
			isa = PBXGroup;
			children = (
				B09292B255824A10E056980F /* NimboWatchApp.swift */,
			);
			path = NimboWatch;
			sourceTree = "<group>";
		};
/* End PBXGroup section */

/* Begin PBXNativeTarget section */
		7AA7857B515F20EF2E780B40 /* NimboSimulator */ = {
			isa = PBXNativeTarget;
			buildConfigurationList = F4A0D12C68562BC1C566E43D /* Build configuration list for PBXNativeTarget "NimboSimulator" */;
			buildPhases = (
				7307A21F9447AD59C1BDD3D1 /* Compile shared Kotlin framework */,
				490525DED5919E35D7D113B2 /* Sources */,
				A02BB5E46C32826D5FD01D8A /* Resources */,
				FF15A0461CA7C79BFC7B34E2 /* Embed Foundation Extensions */,
			);
			buildRules = (
			);
			dependencies = (
				F28E29FD98A195370B4229EC /* PBXTargetDependency */,
			);
			name = NimboSimulator;
			packageProductDependencies = (
			);
			productName = NimboSimulator;
			productReference = 58BED825A8E35842845117CA /* NimboSimulator.app */;
			productType = "com.apple.product-type.application";
		};
		8F92D291BF734E5B93FB2FAB /* NimboWatch */ = {
			isa = PBXNativeTarget;
			buildConfigurationList = F31981D06C20337314215158 /* Build configuration list for PBXNativeTarget "NimboWatch" */;
			buildPhases = (
				38DE3C3E7F532414C29FC25E /* Sources */,
				3CAFAC783400B61A3CF5C536 /* Resources */,
			);
			buildRules = (
			);
			dependencies = (
			);
			name = NimboWatch;
			packageProductDependencies = (
			);
			productName = NimboWatch;
			productReference = 156F45D187CAA50FF28B2530 /* NimboWatch.app */;
			productType = "com.apple.product-type.application";
		};
		9A090189304C1E0366FD1D45 /* Nimbo */ = {
			isa = PBXNativeTarget;
			buildConfigurationList = AE93C46B934FF7284E1E8C9E /* Build configuration list for PBXNativeTarget "Nimbo" */;
			buildPhases = (
				7B9C3921C266E62ADBFE3D5F /* Compile shared Kotlin framework */,
				7F171912DC59ED44D1FD73A6 /* Sources */,
				1746A9C2FDB5AF809E2F4A6A /* Resources */,
				472BEAECB71FBD1FDCF2281A /* Embed Foundation Extensions */,
				419488E4957A4B059A8833BD /* Embed Watch Content */,
			);
			buildRules = (
			);
			dependencies = (
				CF287B74C13F82BF69FDA3D6 /* PBXTargetDependency */,
				7A2019B1ACF5BED7A78970F4 /* PBXTargetDependency */,
			);
			name = Nimbo;
			packageProductDependencies = (
			);
			productName = Nimbo;
			productReference = 2952D07834ACFE65A984004A /* Nimbo.app */;
			productType = "com.apple.product-type.application";
		};
		DFF7F3186E48921DC418F245 /* NimboSurfaceTests */ = {
			isa = PBXNativeTarget;
			buildConfigurationList = CAD6BB49BEA68B9948D933DA /* Build configuration list for PBXNativeTarget "NimboSurfaceTests" */;
			buildPhases = (
				4E2B91333E8C279862BA8C73 /* Sources */,
			);
			buildRules = (
			);
			dependencies = (
			);
			name = NimboSurfaceTests;
			packageProductDependencies = (
			);
			productName = NimboSurfaceTests;
			productReference = ED111A7E468547AF5EF244BE /* NimboSurfaceTests.xctest */;
			productType = "com.apple.product-type.bundle.unit-test";
		};
		F03B22F74B7FAD9BB70C6DAA /* NimboWidget */ = {
			isa = PBXNativeTarget;
			buildConfigurationList = D1895D70EB625F5BB4164E57 /* Build configuration list for PBXNativeTarget "NimboWidget" */;
			buildPhases = (
				DF7784B9A0A71260A36D045B /* Sources */,
				B8B5389C96F40C2BDD82CE99 /* Resources */,
			);
			buildRules = (
			);
			dependencies = (
			);
			name = NimboWidget;
			packageProductDependencies = (
			);
			productName = NimboWidget;
			productReference = 753A9D0BF72E362D648C8992 /* NimboWidget.appex */;
			productType = "com.apple.product-type.app-extension";
		};
/* End PBXNativeTarget section */

/* Begin PBXProject section */
		87863B6D0BD8F9DD5215C03F /* Project object */ = {
			isa = PBXProject;
			attributes = {
				BuildIndependentTargetsInParallel = YES;
				LastUpgradeCheck = 1430;
				TargetAttributes = {
					7AA7857B515F20EF2E780B40 = {
						DevelopmentTeam = 5SWEZ7HTYP;
						ProvisioningStyle = Automatic;
					};
					8F92D291BF734E5B93FB2FAB = {
						DevelopmentTeam = 5SWEZ7HTYP;
					};
					9A090189304C1E0366FD1D45 = {
						DevelopmentTeam = 5SWEZ7HTYP;
					};
					DFF7F3186E48921DC418F245 = {
						DevelopmentTeam = 5SWEZ7HTYP;
						ProvisioningStyle = Automatic;
					};
					F03B22F74B7FAD9BB70C6DAA = {
						DevelopmentTeam = 5SWEZ7HTYP;
					};
				};
			};
			buildConfigurationList = A01963C8913625C3C68112DB /* Build configuration list for PBXProject "Nimbo" */;
			developmentRegion = en;
			hasScannedForEncodings = 0;
			knownRegions = (
				Base,
				ar,
				de,
				en,
				es,
				fr,
				hi,
				ja,
				ko,
				pt,
				ru,
				tr,
				uz,
				"zh-Hans",
			);
			mainGroup = 902D419660E0E38715734C2C;
			minimizedProjectReferenceProxies = 1;
			preferredProjectObjectVersion = 77;
			productRefGroup = 63D88498F944E45E19205861 /* Products */;
			projectDirPath = "";
			projectRoot = "";
			targets = (
				9A090189304C1E0366FD1D45 /* Nimbo */,
				7AA7857B515F20EF2E780B40 /* NimboSimulator */,
				DFF7F3186E48921DC418F245 /* NimboSurfaceTests */,
				8F92D291BF734E5B93FB2FAB /* NimboWatch */,
				F03B22F74B7FAD9BB70C6DAA /* NimboWidget */,
			);
		};
/* End PBXProject section */

/* Begin PBXResourcesBuildPhase section */
		1746A9C2FDB5AF809E2F4A6A /* Resources */ = {
			isa = PBXResourcesBuildPhase;
			buildActionMask = 2147483647;
			files = (
				DB357857E2D4205BF6AC46F0 /* Assets.xcassets in Resources */,
				A79D05F41441716BC37C2313 /* InfoPlist.strings in Resources */,
				60427AAF71FD68031010D1DC /* PrivacyInfo.xcprivacy in Resources */,
			);
			runOnlyForDeploymentPostprocessing = 0;
		};
		3CAFAC783400B61A3CF5C536 /* Resources */ = {
			isa = PBXResourcesBuildPhase;
			buildActionMask = 2147483647;
			files = (
				9ABC290677F949583EA23F2C /* Assets.xcassets in Resources */,
				D21E6B3157AB169567DBF001 /* Localizable.strings in Resources */,
			);
			runOnlyForDeploymentPostprocessing = 0;
		};
		A02BB5E46C32826D5FD01D8A /* Resources */ = {
			isa = PBXResourcesBuildPhase;
			buildActionMask = 2147483647;
			files = (
				08EE66A56C5333E205527804 /* Assets.xcassets in Resources */,
				0428C00DBB5AB4E8A499EE52 /* InfoPlist.strings in Resources */,
				F752C50CFECE734CC7B98DAF /* PrivacyInfo.xcprivacy in Resources */,
			);
			runOnlyForDeploymentPostprocessing = 0;
		};
		B8B5389C96F40C2BDD82CE99 /* Resources */ = {
			isa = PBXResourcesBuildPhase;
			buildActionMask = 2147483647;
			files = (
				4A523AC15AB86652A6EE3440 /* Localizable.strings in Resources */,
			);
			runOnlyForDeploymentPostprocessing = 0;
		};
/* End PBXResourcesBuildPhase section */

/* Begin PBXShellScriptBuildPhase section */
		7307A21F9447AD59C1BDD3D1 /* Compile shared Kotlin framework */ = {
			isa = PBXShellScriptBuildPhase;
			alwaysOutOfDate = 1;
			buildActionMask = 2147483647;
			files = (
			);
			inputFileListPaths = (
			);
			inputPaths = (
			);
			name = "Compile shared Kotlin framework";
			outputFileListPaths = (
			);
			outputPaths = (
			);
			runOnlyForDeploymentPostprocessing = 0;
			shellPath = /bin/sh;
			shellScript = "export JAVA_HOME=\"$(/usr/libexec/java_home -v 17)\"\nexport PATH=\"$JAVA_HOME/bin:$PATH\"\ncd \"$SRCROOT/..\"\n./gradlew --no-daemon :shared:embedAndSignAppleFrameworkForXcode\n";
		};
		7B9C3921C266E62ADBFE3D5F /* Compile shared Kotlin framework */ = {
			isa = PBXShellScriptBuildPhase;
			alwaysOutOfDate = 1;
			buildActionMask = 2147483647;
			files = (
			);
			inputFileListPaths = (
			);
			inputPaths = (
			);
			name = "Compile shared Kotlin framework";
			outputFileListPaths = (
			);
			outputPaths = (
			);
			runOnlyForDeploymentPostprocessing = 0;
			shellPath = /bin/sh;
			shellScript = "export JAVA_HOME=\"$(/usr/libexec/java_home -v 17)\"\nexport PATH=\"$JAVA_HOME/bin:$PATH\"\ncd \"$SRCROOT/..\"\n./gradlew --no-daemon :shared:embedAndSignAppleFrameworkForXcode\n";
		};
/* End PBXShellScriptBuildPhase section */

/* Begin PBXSourcesBuildPhase section */
		38DE3C3E7F532414C29FC25E /* Sources */ = {
			isa = PBXSourcesBuildPhase;
			buildActionMask = 2147483647;
			files = (
				D47DAD3F9B3B77120390A6FB /* NimboWatchApp.swift in Sources */,
				69ED9FE403C795AE2477FEA2 /* SurfaceWeatherState.swift in Sources */,
			);
			runOnlyForDeploymentPostprocessing = 0;
		};
		490525DED5919E35D7D113B2 /* Sources */ = {
			isa = PBXSourcesBuildPhase;
			buildActionMask = 2147483647;
			files = (
				F2099737A801374701BDE615 /* AppDelegate.swift in Sources */,
				568405BE3564213D4C272699 /* SurfaceWeatherState.swift in Sources */,
			);
			runOnlyForDeploymentPostprocessing = 0;
		};
		4E2B91333E8C279862BA8C73 /* Sources */ = {
			isa = PBXSourcesBuildPhase;
			buildActionMask = 2147483647;
			files = (
				73681A30467095C79E981AA2 /* SurfaceWeatherState.swift in Sources */,
				57976273DD8B94A4426367FA /* SurfaceWeatherStateTests.swift in Sources */,
			);
			runOnlyForDeploymentPostprocessing = 0;
		};
		7F171912DC59ED44D1FD73A6 /* Sources */ = {
			isa = PBXSourcesBuildPhase;
			buildActionMask = 2147483647;
			files = (
				067F27C73FD7C2C8B2B0068E /* AppDelegate.swift in Sources */,
				F42FE8CEDC5C6BBB4161AA9B /* SurfaceWeatherState.swift in Sources */,
			);
			runOnlyForDeploymentPostprocessing = 0;
		};
		DF7784B9A0A71260A36D045B /* Sources */ = {
			isa = PBXSourcesBuildPhase;
			buildActionMask = 2147483647;
			files = (
				C9BB3BF58B54FC5DB479006D /* NimboWidget.swift in Sources */,
				F9A6F069B57A635E5D4C3A88 /* SurfaceWeatherState.swift in Sources */,
			);
			runOnlyForDeploymentPostprocessing = 0;
		};
/* End PBXSourcesBuildPhase section */

/* Begin PBXTargetDependency section */
		7A2019B1ACF5BED7A78970F4 /* PBXTargetDependency */ = {
			isa = PBXTargetDependency;
			target = 8F92D291BF734E5B93FB2FAB /* NimboWatch */;
			targetProxy = 3D0995BBEEDA854BC0D957DA /* PBXContainerItemProxy */;
		};
		CF287B74C13F82BF69FDA3D6 /* PBXTargetDependency */ = {
			isa = PBXTargetDependency;
			target = F03B22F74B7FAD9BB70C6DAA /* NimboWidget */;
			targetProxy = D0F6D56A41909783A810B2B3 /* PBXContainerItemProxy */;
		};
		F28E29FD98A195370B4229EC /* PBXTargetDependency */ = {
			isa = PBXTargetDependency;
			target = F03B22F74B7FAD9BB70C6DAA /* NimboWidget */;
			targetProxy = 78558CDE0ADDD57C8BAFB072 /* PBXContainerItemProxy */;
		};
/* End PBXTargetDependency section */

/* Begin PBXVariantGroup section */
		9680E68A02B4A0067E1CE041 /* InfoPlist.strings */ = {
			isa = PBXVariantGroup;
			children = (
				14862442275231C626596CDF /* ar */,
				2F120D7C844883CBF981497D /* de */,
				E310D56EF5363C230FB35101 /* en */,
				4B7D23C09139B96E14129511 /* es */,
				CE758D4AA5F2730C864356D5 /* fr */,
				ED8ABA335701FD3A3B6865CA /* hi */,
				247996327FF91D3AF545B88E /* ja */,
				9071D41D0953CE763054EB1F /* ko */,
				9CF1F380ED01FC917D52E334 /* pt */,
				8749DD9CFA84EE721326A76F /* ru */,
				D11383B653C4E103BD858F06 /* tr */,
				ECB3DA47782A208E27A93C3D /* uz */,
				071BD3738283BAA4DAC02011 /* zh-Hans */,
			);
			name = InfoPlist.strings;
			sourceTree = "<group>";
		};
		EFA9E48629C064B5474F0FB0 /* Localizable.strings */ = {
			isa = PBXVariantGroup;
			children = (
				77B8714E4315D089998334CE /* ar */,
				9DBE8878A102D17BAEB1CFA2 /* de */,
				2FE3A7FBE7E25229923B15C9 /* en */,
				72BEA555FC0B12DB7FB9E287 /* es */,
				BBB875F48137075D8F637C06 /* fr */,
				99D06D4794F10C64EFB51B8A /* hi */,
				72F4D2EE0A5B6D99C642A8C0 /* ja */,
				5603A6F7BA23FC2FB270FB6E /* ko */,
				E07E23EFCD1EBCE864F4B90E /* pt */,
				1CA87550B61A512E6E1B15E7 /* ru */,
				DEB0FA8265F06BB9430A5817 /* tr */,
				F387184973DD51AA1A49A953 /* uz */,
				C25536D5CE549243048A93C8 /* zh-Hans */,
			);
			name = Localizable.strings;
			sourceTree = "<group>";
		};
/* End PBXVariantGroup section */

/* Begin XCBuildConfiguration section */
		000AE792F651558F81A71BC1 /* Debug */ = {
			isa = XCBuildConfiguration;
			buildSettings = {
				ASSETCATALOG_COMPILER_APPICON_NAME = AppIcon;
				INFOPLIST_FILE = NimboWatch/Info.plist;
				PRODUCT_BUNDLE_IDENTIFIER = uz.ganikhodjaev.weather.watchkitapp;
				PRODUCT_MODULE_NAME = NimboWatch;
				PRODUCT_NAME = NimboWatch;
				SDKROOT = watchos;
				SKIP_INSTALL = YES;
				TARGETED_DEVICE_FAMILY = 4;
				WATCHOS_DEPLOYMENT_TARGET = 10.0;
			};
			name = Debug;
		};
		228B43EF3155464F044EF430 /* Debug */ = {
			isa = XCBuildConfiguration;
			buildSettings = {
				CODE_SIGN_ENTITLEMENTS = NimboWidget/NimboWidget.entitlements;
				INFOPLIST_FILE = NimboWidget/Info.plist;
				IPHONEOS_DEPLOYMENT_TARGET = 15.0;
				LD_RUNPATH_SEARCH_PATHS = (
					"$(inherited)",
					"@executable_path/Frameworks",
					"@executable_path/../../Frameworks",
				);
				PRODUCT_BUNDLE_IDENTIFIER = uz.ganikhodjaev.weather.widget;
				PRODUCT_MODULE_NAME = NimboWidget;
				PRODUCT_NAME = NimboWidget;
				SDKROOT = iphoneos;
				SKIP_INSTALL = YES;
				TARGETED_DEVICE_FAMILY = "1,2";
			};
			name = Debug;
		};
		2DA67A5AE465721F04A07221 /* Debug */ = {
			isa = XCBuildConfiguration;
			buildSettings = {
				ALWAYS_SEARCH_USER_PATHS = NO;
				ASSETCATALOG_COMPILER_APPICON_NAME = AppIcon;
				CLANG_ANALYZER_NONNULL = YES;
				CLANG_ANALYZER_NUMBER_OBJECT_CONVERSION = YES_AGGRESSIVE;
				CLANG_CXX_LANGUAGE_STANDARD = "gnu++14";
				CLANG_CXX_LIBRARY = "libc++";
				CLANG_ENABLE_MODULES = YES;
				CLANG_ENABLE_OBJC_ARC = YES;
				CLANG_ENABLE_OBJC_WEAK = YES;
				CLANG_WARN_BLOCK_CAPTURE_AUTORELEASING = YES;
				CLANG_WARN_BOOL_CONVERSION = YES;
				CLANG_WARN_COMMA = YES;
				CLANG_WARN_CONSTANT_CONVERSION = YES;
				CLANG_WARN_DEPRECATED_OBJC_IMPLEMENTATIONS = YES;
				CLANG_WARN_DIRECT_OBJC_ISA_USAGE = YES_ERROR;
				CLANG_WARN_DOCUMENTATION_COMMENTS = YES;
				CLANG_WARN_EMPTY_BODY = YES;
				CLANG_WARN_ENUM_CONVERSION = YES;
				CLANG_WARN_INFINITE_RECURSION = YES;
				CLANG_WARN_INT_CONVERSION = YES;
				CLANG_WARN_NON_LITERAL_NULL_CONVERSION = YES;
				CLANG_WARN_OBJC_IMPLICIT_RETAIN_SELF = YES;
				CLANG_WARN_OBJC_LITERAL_CONVERSION = YES;
				CLANG_WARN_OBJC_ROOT_CLASS = YES_ERROR;
				CLANG_WARN_QUOTED_INCLUDE_IN_FRAMEWORK_HEADER = YES;
				CLANG_WARN_RANGE_LOOP_ANALYSIS = YES;
				CLANG_WARN_STRICT_PROTOTYPES = YES;
				CLANG_WARN_SUSPICIOUS_MOVE = YES;
				CLANG_WARN_UNGUARDED_AVAILABILITY = YES_AGGRESSIVE;
				CLANG_WARN_UNREACHABLE_CODE = YES;
				CLANG_WARN__DUPLICATE_METHOD_MATCH = YES;
				CODE_SIGN_STYLE = Automatic;
				COPY_PHASE_STRIP = NO;
				CURRENT_PROJECT_VERSION = 7;
				DEBUG_INFORMATION_FORMAT = dwarf;
				DEVELOPMENT_TEAM = 5SWEZ7HTYP;
				ENABLE_STRICT_OBJC_MSGSEND = YES;
				ENABLE_TESTABILITY = YES;
				GCC_C_LANGUAGE_STANDARD = gnu11;
				GCC_DYNAMIC_NO_PIC = NO;
				GCC_NO_COMMON_BLOCKS = YES;
				GCC_OPTIMIZATION_LEVEL = 0;
				GCC_PREPROCESSOR_DEFINITIONS = (
					"$(inherited)",
					"DEBUG=1",
				);
				GCC_WARN_64_TO_32_BIT_CONVERSION = YES;
				GCC_WARN_ABOUT_RETURN_TYPE = YES_ERROR;
				GCC_WARN_UNDECLARED_SELECTOR = YES;
				GCC_WARN_UNINITIALIZED_AUTOS = YES_AGGRESSIVE;
				GCC_WARN_UNUSED_FUNCTION = YES;
				GCC_WARN_UNUSED_VARIABLE = YES;
				IPHONEOS_DEPLOYMENT_TARGET = 15.0;
				MARKETING_VERSION = 1.1.0;
				MTL_ENABLE_DEBUG_INFO = INCLUDE_SOURCE;
				MTL_FAST_MATH = YES;
				NIMBO_SOURCE_REVISION = UNVERIFIED_SOURCE;
				ONLY_ACTIVE_ARCH = YES;
				PRODUCT_BUNDLE_IDENTIFIER = uz.ganikhodjaev.weather;
				PRODUCT_NAME = Nimbo;
				SWIFT_ACTIVE_COMPILATION_CONDITIONS = DEBUG;
				SWIFT_OPTIMIZATION_LEVEL = "-Onone";
				SWIFT_VERSION = 6.0;
				TARGETED_DEVICE_FAMILY = "1,2";
			};
			name = Debug;
		};
		38574ECCE4856AAA0C189ED9 /* Release */ = {
			isa = XCBuildConfiguration;
			buildSettings = {
				ASSETCATALOG_COMPILER_APPICON_NAME = AppIcon;
				CODE_SIGN_ENTITLEMENTS = Nimbo/Nimbo.entitlements;
				CODE_SIGN_IDENTITY = "Apple Distribution";
				CODE_SIGN_STYLE = Manual;
				FRAMEWORK_SEARCH_PATHS = (
					"$(inherited)",
					"$(SRCROOT)/../shared/build/xcode-frameworks/$(CONFIGURATION)/$(SDK_NAME)",
				);
				INFOPLIST_FILE = Nimbo/Info.plist;
				LD_RUNPATH_SEARCH_PATHS = (
					"$(inherited)",
					"@executable_path/Frameworks",
				);
				OTHER_LDFLAGS = (
					"$(inherited)",
					"-framework",
					NimboShared,
					"-lsqlite3",
				);
				PROVISIONING_PROFILE_SPECIFIER = "iOS Team Store Provisioning Profile: uz.ganikhodjaev.weather";
				SDKROOT = iphoneos;
				TARGETED_DEVICE_FAMILY = "1,2";
			};
			name = Release;
		};
		396955D7BD81D93FFFC3B585 /* Release */ = {
			isa = XCBuildConfiguration;
			buildSettings = {
				CODE_SIGN_ENTITLEMENTS = NimboWidget/NimboWidget.entitlements;
				CODE_SIGN_IDENTITY = "Apple Distribution";
				CODE_SIGN_STYLE = Manual;
				INFOPLIST_FILE = NimboWidget/Info.plist;
				IPHONEOS_DEPLOYMENT_TARGET = 15.0;
				LD_RUNPATH_SEARCH_PATHS = (
					"$(inherited)",
					"@executable_path/Frameworks",
					"@executable_path/../../Frameworks",
				);
				PRODUCT_BUNDLE_IDENTIFIER = uz.ganikhodjaev.weather.widget;
				PRODUCT_MODULE_NAME = NimboWidget;
				PRODUCT_NAME = NimboWidget;
				PROVISIONING_PROFILE_SPECIFIER = "iOS Team Store Provisioning Profile: uz.ganikhodjaev.weather.widget";
				SDKROOT = iphoneos;
				SKIP_INSTALL = YES;
				TARGETED_DEVICE_FAMILY = "1,2";
			};
			name = Release;
		};
		56685AD4480CD1E5209B37BF /* Debug */ = {
			isa = XCBuildConfiguration;
			buildSettings = {
				ASSETCATALOG_COMPILER_APPICON_NAME = AppIcon;
				CODE_SIGN_ENTITLEMENTS = Nimbo/Nimbo.entitlements;
				CODE_SIGN_IDENTITY = "iPhone Developer";
				FRAMEWORK_SEARCH_PATHS = (
					"$(inherited)",
					"$(SRCROOT)/../shared/build/xcode-frameworks/$(CONFIGURATION)/$(SDK_NAME)",
				);
				INFOPLIST_FILE = NimboSimulator/Info.plist;
				LD_RUNPATH_SEARCH_PATHS = (
					"$(inherited)",
					"@executable_path/Frameworks",
				);
				OTHER_LDFLAGS = (
					"$(inherited)",
					"-framework",
					NimboShared,
					"-lsqlite3",
				);
				PRODUCT_BUNDLE_IDENTIFIER = uz.ganikhodjaev.weather;
				PRODUCT_MODULE_NAME = NimboSimulator;
				PRODUCT_NAME = NimboSimulator;
				SDKROOT = iphoneos;
				TARGETED_DEVICE_FAMILY = "1,2";
			};
			name = Debug;
		};
		5A3B7DC931A4A9C26083F4A0 /* Release */ = {
			isa = XCBuildConfiguration;
			buildSettings = {
				ASSETCATALOG_COMPILER_APPICON_NAME = AppIcon;
				CODE_SIGN_IDENTITY = "Apple Distribution";
				CODE_SIGN_STYLE = Manual;
				INFOPLIST_FILE = NimboWatch/Info.plist;
				PRODUCT_BUNDLE_IDENTIFIER = uz.ganikhodjaev.weather.watchkitapp;
				PRODUCT_MODULE_NAME = NimboWatch;
				PRODUCT_NAME = NimboWatch;
				PROVISIONING_PROFILE_SPECIFIER = "iOS Team Store Provisioning Profile: uz.ganikhodjaev.weather.watchkitapp";
				SDKROOT = watchos;
				SKIP_INSTALL = YES;
				TARGETED_DEVICE_FAMILY = 4;
				WATCHOS_DEPLOYMENT_TARGET = 10.0;
			};
			name = Release;
		};
		6F5418C76BF39DBCC917E0AD /* Debug */ = {
			isa = XCBuildConfiguration;
			buildSettings = {
				ASSETCATALOG_COMPILER_APPICON_NAME = AppIcon;
				CODE_SIGN_ENTITLEMENTS = Nimbo/Nimbo.entitlements;
				CODE_SIGN_IDENTITY = "iPhone Developer";
				FRAMEWORK_SEARCH_PATHS = (
					"$(inherited)",
					"$(SRCROOT)/../shared/build/xcode-frameworks/$(CONFIGURATION)/$(SDK_NAME)",
				);
				INFOPLIST_FILE = Nimbo/Info.plist;
				LD_RUNPATH_SEARCH_PATHS = (
					"$(inherited)",
					"@executable_path/Frameworks",
				);
				OTHER_LDFLAGS = (
					"$(inherited)",
					"-framework",
					NimboShared,
					"-lsqlite3",
				);
				SDKROOT = iphoneos;
				TARGETED_DEVICE_FAMILY = "1,2";
			};
			name = Debug;
		};
		B00A2A0A9ECC0CB0BD0CFBD8 /* Debug */ = {
			isa = XCBuildConfiguration;
			buildSettings = {
				BUNDLE_LOADER = "$(TEST_HOST)";
				GENERATE_INFOPLIST_FILE = YES;
				IPHONEOS_DEPLOYMENT_TARGET = 15.0;
				LD_RUNPATH_SEARCH_PATHS = (
					"$(inherited)",
					"@executable_path/Frameworks",
					"@loader_path/Frameworks",
				);
				PRODUCT_BUNDLE_IDENTIFIER = "uz.ganikhodjaev.weather.surface-tests";
				PRODUCT_MODULE_NAME = NimboSurfaceTests;
				PRODUCT_NAME = NimboSurfaceTests;
				SDKROOT = iphoneos;
				TARGETED_DEVICE_FAMILY = "1,2";
			};
			name = Debug;
		};
		CF77844BE477BA13E441D37B /* Release */ = {
			isa = XCBuildConfiguration;
			buildSettings = {
				ALWAYS_SEARCH_USER_PATHS = NO;
				ASSETCATALOG_COMPILER_APPICON_NAME = AppIcon;
				CLANG_ANALYZER_NONNULL = YES;
				CLANG_ANALYZER_NUMBER_OBJECT_CONVERSION = YES_AGGRESSIVE;
				CLANG_CXX_LANGUAGE_STANDARD = "gnu++14";
				CLANG_CXX_LIBRARY = "libc++";
				CLANG_ENABLE_MODULES = YES;
				CLANG_ENABLE_OBJC_ARC = YES;
				CLANG_ENABLE_OBJC_WEAK = YES;
				CLANG_WARN_BLOCK_CAPTURE_AUTORELEASING = YES;
				CLANG_WARN_BOOL_CONVERSION = YES;
				CLANG_WARN_COMMA = YES;
				CLANG_WARN_CONSTANT_CONVERSION = YES;
				CLANG_WARN_DEPRECATED_OBJC_IMPLEMENTATIONS = YES;
				CLANG_WARN_DIRECT_OBJC_ISA_USAGE = YES_ERROR;
				CLANG_WARN_DOCUMENTATION_COMMENTS = YES;
				CLANG_WARN_EMPTY_BODY = YES;
				CLANG_WARN_ENUM_CONVERSION = YES;
				CLANG_WARN_INFINITE_RECURSION = YES;
				CLANG_WARN_INT_CONVERSION = YES;
				CLANG_WARN_NON_LITERAL_NULL_CONVERSION = YES;
				CLANG_WARN_OBJC_IMPLICIT_RETAIN_SELF = YES;
				CLANG_WARN_OBJC_LITERAL_CONVERSION = YES;
				CLANG_WARN_OBJC_ROOT_CLASS = YES_ERROR;
				CLANG_WARN_QUOTED_INCLUDE_IN_FRAMEWORK_HEADER = YES;
				CLANG_WARN_RANGE_LOOP_ANALYSIS = YES;
				CLANG_WARN_STRICT_PROTOTYPES = YES;
				CLANG_WARN_SUSPICIOUS_MOVE = YES;
				CLANG_WARN_UNGUARDED_AVAILABILITY = YES_AGGRESSIVE;
				CLANG_WARN_UNREACHABLE_CODE = YES;
				CLANG_WARN__DUPLICATE_METHOD_MATCH = YES;
				CODE_SIGN_STYLE = Automatic;
				COPY_PHASE_STRIP = NO;
				CURRENT_PROJECT_VERSION = 7;
				DEBUG_INFORMATION_FORMAT = "dwarf-with-dsym";
				DEVELOPMENT_TEAM = 5SWEZ7HTYP;
				ENABLE_NS_ASSERTIONS = NO;
				ENABLE_STRICT_OBJC_MSGSEND = YES;
				GCC_C_LANGUAGE_STANDARD = gnu11;
				GCC_NO_COMMON_BLOCKS = YES;
				GCC_WARN_64_TO_32_BIT_CONVERSION = YES;
				GCC_WARN_ABOUT_RETURN_TYPE = YES_ERROR;
				GCC_WARN_UNDECLARED_SELECTOR = YES;
				GCC_WARN_UNINITIALIZED_AUTOS = YES_AGGRESSIVE;
				GCC_WARN_UNUSED_FUNCTION = YES;
				GCC_WARN_UNUSED_VARIABLE = YES;
				IPHONEOS_DEPLOYMENT_TARGET = 15.0;
				MARKETING_VERSION = 1.1.0;
				MTL_ENABLE_DEBUG_INFO = NO;
				MTL_FAST_MATH = YES;
				NIMBO_SOURCE_REVISION = UNVERIFIED_SOURCE;
				PRODUCT_BUNDLE_IDENTIFIER = uz.ganikhodjaev.weather;
				PRODUCT_NAME = Nimbo;
				SWIFT_COMPILATION_MODE = wholemodule;
				SWIFT_OPTIMIZATION_LEVEL = "-O";
				SWIFT_VERSION = 6.0;
				TARGETED_DEVICE_FAMILY = "1,2";
			};
			name = Release;
		};
		DC70C5C3B5CDBD2566AA964A /* Release */ = {
			isa = XCBuildConfiguration;
			buildSettings = {
				BUNDLE_LOADER = "$(TEST_HOST)";
				GENERATE_INFOPLIST_FILE = YES;
				IPHONEOS_DEPLOYMENT_TARGET = 15.0;
				LD_RUNPATH_SEARCH_PATHS = (
					"$(inherited)",
					"@executable_path/Frameworks",
					"@loader_path/Frameworks",
				);
				PRODUCT_BUNDLE_IDENTIFIER = "uz.ganikhodjaev.weather.surface-tests";
				PRODUCT_MODULE_NAME = NimboSurfaceTests;
				PRODUCT_NAME = NimboSurfaceTests;
				SDKROOT = iphoneos;
				TARGETED_DEVICE_FAMILY = "1,2";
			};
			name = Release;
		};
		F66882FCE9A791E1CD4D1206 /* Release */ = {
			isa = XCBuildConfiguration;
			buildSettings = {
				ASSETCATALOG_COMPILER_APPICON_NAME = AppIcon;
				CODE_SIGN_ENTITLEMENTS = Nimbo/Nimbo.entitlements;
				CODE_SIGN_IDENTITY = "iPhone Developer";
				FRAMEWORK_SEARCH_PATHS = (
					"$(inherited)",
					"$(SRCROOT)/../shared/build/xcode-frameworks/$(CONFIGURATION)/$(SDK_NAME)",
				);
				INFOPLIST_FILE = NimboSimulator/Info.plist;
				LD_RUNPATH_SEARCH_PATHS = (
					"$(inherited)",
					"@executable_path/Frameworks",
				);
				OTHER_LDFLAGS = (
					"$(inherited)",
					"-framework",
					NimboShared,
					"-lsqlite3",
				);
				PRODUCT_BUNDLE_IDENTIFIER = uz.ganikhodjaev.weather;
				PRODUCT_MODULE_NAME = NimboSimulator;
				PRODUCT_NAME = NimboSimulator;
				SDKROOT = iphoneos;
				TARGETED_DEVICE_FAMILY = "1,2";
			};
			name = Release;
		};
/* End XCBuildConfiguration section */

/* Begin XCConfigurationList section */
		A01963C8913625C3C68112DB /* Build configuration list for PBXProject "Nimbo" */ = {
			isa = XCConfigurationList;
			buildConfigurations = (
				2DA67A5AE465721F04A07221 /* Debug */,
				CF77844BE477BA13E441D37B /* Release */,
			);
			defaultConfigurationIsVisible = 0;
			defaultConfigurationName = Debug;
		};
		AE93C46B934FF7284E1E8C9E /* Build configuration list for PBXNativeTarget "Nimbo" */ = {
			isa = XCConfigurationList;
			buildConfigurations = (
				6F5418C76BF39DBCC917E0AD /* Debug */,
				38574ECCE4856AAA0C189ED9 /* Release */,
			);
			defaultConfigurationIsVisible = 0;
			defaultConfigurationName = Debug;
		};
		CAD6BB49BEA68B9948D933DA /* Build configuration list for PBXNativeTarget "NimboSurfaceTests" */ = {
			isa = XCConfigurationList;
			buildConfigurations = (
				B00A2A0A9ECC0CB0BD0CFBD8 /* Debug */,
				DC70C5C3B5CDBD2566AA964A /* Release */,
			);
			defaultConfigurationIsVisible = 0;
			defaultConfigurationName = Debug;
		};
		D1895D70EB625F5BB4164E57 /* Build configuration list for PBXNativeTarget "NimboWidget" */ = {
			isa = XCConfigurationList;
			buildConfigurations = (
				228B43EF3155464F044EF430 /* Debug */,
				396955D7BD81D93FFFC3B585 /* Release */,
			);
			defaultConfigurationIsVisible = 0;
			defaultConfigurationName = Debug;
		};
		F31981D06C20337314215158 /* Build configuration list for PBXNativeTarget "NimboWatch" */ = {
			isa = XCConfigurationList;
			buildConfigurations = (
				000AE792F651558F81A71BC1 /* Debug */,
				5A3B7DC931A4A9C26083F4A0 /* Release */,
			);
			defaultConfigurationIsVisible = 0;
			defaultConfigurationName = Debug;
		};
		F4A0D12C68562BC1C566E43D /* Build configuration list for PBXNativeTarget "NimboSimulator" */ = {
			isa = XCConfigurationList;
			buildConfigurations = (
				56685AD4480CD1E5209B37BF /* Debug */,
				F66882FCE9A791E1CD4D1206 /* Release */,
			);
			defaultConfigurationIsVisible = 0;
			defaultConfigurationName = Debug;
		};
/* End XCConfigurationList section */
	};
	rootObject = 87863B6D0BD8F9DD5215C03F /* Project object */;
}
